
Microsoft Visual Studio Solution File, Format Version 12.00
# Visual Studio 14
VisualStudioVersion = 14.0.23107.0
MinimumVisualStudioVersion = 10.0.40219.1
Project("{FAE04EC0-301F-11D3-BF4B-00C04F79EFBC}") = "Funcionarios_Slash", "Funcionarios_Slash\Funcionarios_Slash.csproj", "{A27AA806-B407-4C0E-B673-7D617DB4524E}"
EndProject
Project("{FAE04EC0-301F-11D3-BF4B-00C04F79EFBC}") = "Crud", "..\crud_funcionarios\Crud\Crud.csproj", "{8A610DEE-0E5A-427C-8976-D2A501BADC09}"
EndProject
Global
	GlobalSection(SolutionConfigurationPlatforms) = preSolution
		Debug|Any CPU = Debug|Any CPU
		Release|Any CPU = Release|Any CPU
	EndGlobalSection
	GlobalSection(ProjectConfigurationPlatforms) = postSolution
		{A27AA806-B407-4C0E-B673-7D617DB4524E}.Debug|Any CPU.ActiveCfg = Debug|Any CPU
		{A27AA806-B407-4C0E-B673-7D617DB4524E}.Debug|Any CPU.Build.0 = Debug|Any CPU
		{A27AA806-B407-4C0E-B673-7D617DB4524E}.Release|Any CPU.ActiveCfg = Release|Any CPU
		{A27AA806-B407-4C0E-B673-7D617DB4524E}.Release|Any CPU.Build.0 = Release|Any CPU
		{8A610DEE-0E5A-427C-8976-D2A501BADC09}.Debug|Any CPU.ActiveCfg = Debug|Any CPU
		{8A610DEE-0E5A-427C-8976-D2A501BADC09}.Debug|Any CPU.Build.0 = Debug|Any CPU
		{8A610DEE-0E5A-427C-8976-D2A501BADC09}.Release|Any CPU.ActiveCfg = Release|Any CPU
		{8A610DEE-0E5A-427C-8976-D2A501BADC09}.Release|Any CPU.Build.0 = Release|Any CPU
	EndGlobalSection
	GlobalSection(SolutionProperties) = preSolution
		HideSolutionNode = FALSE
	EndGlobalSection
EndGlobal
