
Microsoft Visual Studio Solution File, Format Version 12.00
# Visual Studio Version 17
VisualStudioVersion = 17.1.32328.378
MinimumVisualStudioVersion = 10.0.40219.1
Project("{9A19103F-16F7-4668-BE54-9A1E7A4F7556}") = "WebApplication2", "WebApplication2\WebApplication2.csproj", "{81E5D941-9388-4EAE-99E0-E601B85D7C52}"
EndProject
Global
	GlobalSection(SolutionConfigurationPlatforms) = preSolution
		Debug|Any CPU = Debug|Any CPU
		Release|Any CPU = Release|Any CPU
	EndGlobalSection
	GlobalSection(ProjectConfigurationPlatforms) = postSolution
		{81E5D941-9388-4EAE-99E0-E601B85D7C52}.Debug|Any CPU.ActiveCfg = Debug|Any CPU
		{81E5D941-9388-4EAE-99E0-E601B85D7C52}.Debug|Any CPU.Build.0 = Debug|Any CPU
		{81E5D941-9388-4EAE-99E0-E601B85D7C52}.Release|Any CPU.ActiveCfg = Release|Any CPU
		{81E5D941-9388-4EAE-99E0-E601B85D7C52}.Release|Any CPU.Build.0 = Release|Any CPU
	EndGlobalSection
	GlobalSection(SolutionProperties) = preSolution
		HideSolutionNode = FALSE
	EndGlobalSection
	GlobalSection(ExtensibilityGlobals) = postSolution
		SolutionGuid = {B6FA9766-E4E7-41FE-A792-40E91758E983}
	EndGlobalSection
EndGlobal
